{
  "lockfileVersion": 1,
  "workspaces": {
    "": {
      "name": "export-todos",
      "dependencies": {
        "bootstrap": "^5.3.3",
        "react": "^19.0.0",
        "react-bootstrap": "^2.10.9",
        "react-csv": "^2.2.2",
        "react-dom": "^19.0.0",
        "vite-tsconfig-paths": "^5.1.4",
      },
      "devDependencies": {
        "@eslint/js": "^9.20.0",
        "@types/react": "^19.0.9",
        "@types/react-csv": "^1.1.10",
        "@types/react-dom": "^19.0.3",
        "@vitejs/plugin-react-swc": "^3.8.0",
        "eslint": "^9.20.1",
        "eslint-plugin-react-hooks": "^5.1.0",
        "eslint-plugin-react-refresh": "^0.4.19",
        "globals": "^15.15.0",
        "prettier": "^3.5.1",
        "typescript": "~5.7.3",
        "typescript-eslint": "^8.24.0",
        "vite": "^6.1.0",
      },
    },
  },
  "packages": {
    "@babel/runtime": ["@babel/runtime@7.26.9", "", { "dependencies": { "regenerator-runtime": "^0.14.0" } }, ""],

    "@esbuild/aix-ppc64": ["@esbuild/aix-ppc64@0.24.2", "", { "os": "aix", "cpu": "ppc64" }, "sha512-thpVCb/rhxE/BnMLQ7GReQLLN8q9qbHmI55F4489/ByVg2aQaQ6kbcLb6FHkocZzQhxc4gx0sCk0tJkKBFzDhA=="],

    "@esbuild/android-arm": ["@esbuild/android-arm@0.24.2", "", { "os": "android", "cpu": "arm" }, "sha512-tmwl4hJkCfNHwFB3nBa8z1Uy3ypZpxqxfTQOcHX+xRByyYgunVbZ9MzUUfb0RxaHIMnbHagwAxuTL+tnNM+1/Q=="],

    "@esbuild/android-arm64": ["@esbuild/android-arm64@0.24.2", "", { "os": "android", "cpu": "arm64" }, "sha512-cNLgeqCqV8WxfcTIOeL4OAtSmL8JjcN6m09XIgro1Wi7cF4t/THaWEa7eL5CMoMBdjoHOTh/vwTO/o2TRXIyzg=="],

    "@esbuild/android-x64": ["@esbuild/android-x64@0.24.2", "", { "os": "android", "cpu": "x64" }, "sha512-B6Q0YQDqMx9D7rvIcsXfmJfvUYLoP722bgfBlO5cGvNVb5V/+Y7nhBE3mHV9OpxBf4eAS2S68KZztiPaWq4XYw=="],

    "@esbuild/darwin-arm64": ["@esbuild/darwin-arm64@0.24.2", "", { "os": "darwin", "cpu": "arm64" }, "sha512-kj3AnYWc+CekmZnS5IPu9D+HWtUI49hbnyqk0FLEJDbzCIQt7hg7ucF1SQAilhtYpIujfaHr6O0UHlzzSPdOeA=="],

    "@esbuild/darwin-x64": ["@esbuild/darwin-x64@0.24.2", "", { "os": "darwin", "cpu": "x64" }, "sha512-WeSrmwwHaPkNR5H3yYfowhZcbriGqooyu3zI/3GGpF8AyUdsrrP0X6KumITGA9WOyiJavnGZUwPGvxvwfWPHIA=="],

    "@esbuild/freebsd-arm64": ["@esbuild/freebsd-arm64@0.24.2", "", { "os": "freebsd", "cpu": "arm64" }, "sha512-UN8HXjtJ0k/Mj6a9+5u6+2eZ2ERD7Edt1Q9IZiB5UZAIdPnVKDoG7mdTVGhHJIeEml60JteamR3qhsr1r8gXvg=="],

    "@esbuild/freebsd-x64": ["@esbuild/freebsd-x64@0.24.2", "", { "os": "freebsd", "cpu": "x64" }, "sha512-TvW7wE/89PYW+IevEJXZ5sF6gJRDY/14hyIGFXdIucxCsbRmLUcjseQu1SyTko+2idmCw94TgyaEZi9HUSOe3Q=="],

    "@esbuild/linux-arm": ["@esbuild/linux-arm@0.24.2", "", { "os": "linux", "cpu": "arm" }, "sha512-n0WRM/gWIdU29J57hJyUdIsk0WarGd6To0s+Y+LwvlC55wt+GT/OgkwoXCXvIue1i1sSNWblHEig00GBWiJgfA=="],

    "@esbuild/linux-arm64": ["@esbuild/linux-arm64@0.24.2", "", { "os": "linux", "cpu": "arm64" }, "sha512-7HnAD6074BW43YvvUmE/35Id9/NB7BeX5EoNkK9obndmZBUk8xmJJeU7DwmUeN7tkysslb2eSl6CTrYz6oEMQg=="],

    "@esbuild/linux-ia32": ["@esbuild/linux-ia32@0.24.2", "", { "os": "linux", "cpu": "ia32" }, "sha512-sfv0tGPQhcZOgTKO3oBE9xpHuUqguHvSo4jl+wjnKwFpapx+vUDcawbwPNuBIAYdRAvIDBfZVvXprIj3HA+Ugw=="],

    "@esbuild/linux-loong64": ["@esbuild/linux-loong64@0.24.2", "", { "os": "linux", "cpu": "none" }, "sha512-CN9AZr8kEndGooS35ntToZLTQLHEjtVB5n7dl8ZcTZMonJ7CCfStrYhrzF97eAecqVbVJ7APOEe18RPI4KLhwQ=="],

    "@esbuild/linux-mips64el": ["@esbuild/linux-mips64el@0.24.2", "", { "os": "linux", "cpu": "none" }, "sha512-iMkk7qr/wl3exJATwkISxI7kTcmHKE+BlymIAbHO8xanq/TjHaaVThFF6ipWzPHryoFsesNQJPE/3wFJw4+huw=="],

    "@esbuild/linux-ppc64": ["@esbuild/linux-ppc64@0.24.2", "", { "os": "linux", "cpu": "ppc64" }, "sha512-shsVrgCZ57Vr2L8mm39kO5PPIb+843FStGt7sGGoqiiWYconSxwTiuswC1VJZLCjNiMLAMh34jg4VSEQb+iEbw=="],

    "@esbuild/linux-riscv64": ["@esbuild/linux-riscv64@0.24.2", "", { "os": "linux", "cpu": "none" }, "sha512-4eSFWnU9Hhd68fW16GD0TINewo1L6dRrB+oLNNbYyMUAeOD2yCK5KXGK1GH4qD/kT+bTEXjsyTCiJGHPZ3eM9Q=="],

    "@esbuild/linux-s390x": ["@esbuild/linux-s390x@0.24.2", "", { "os": "linux", "cpu": "s390x" }, "sha512-S0Bh0A53b0YHL2XEXC20bHLuGMOhFDO6GN4b3YjRLK//Ep3ql3erpNcPlEFed93hsQAjAQDNsvcK+hV90FubSw=="],

    "@esbuild/linux-x64": ["@esbuild/linux-x64@0.24.2", "", { "os": "linux", "cpu": "x64" }, "sha512-8Qi4nQcCTbLnK9WoMjdC9NiTG6/E38RNICU6sUNqK0QFxCYgoARqVqxdFmWkdonVsvGqWhmm7MO0jyTqLqwj0Q=="],

    "@esbuild/netbsd-arm64": ["@esbuild/netbsd-arm64@0.24.2", "", { "os": "none", "cpu": "arm64" }, "sha512-wuLK/VztRRpMt9zyHSazyCVdCXlpHkKm34WUyinD2lzK07FAHTq0KQvZZlXikNWkDGoT6x3TD51jKQ7gMVpopw=="],

    "@esbuild/netbsd-x64": ["@esbuild/netbsd-x64@0.24.2", "", { "os": "none", "cpu": "x64" }, "sha512-VefFaQUc4FMmJuAxmIHgUmfNiLXY438XrL4GDNV1Y1H/RW3qow68xTwjZKfj/+Plp9NANmzbH5R40Meudu8mmw=="],

    "@esbuild/openbsd-arm64": ["@esbuild/openbsd-arm64@0.24.2", "", { "os": "openbsd", "cpu": "arm64" }, "sha512-YQbi46SBct6iKnszhSvdluqDmxCJA+Pu280Av9WICNwQmMxV7nLRHZfjQzwbPs3jeWnuAhE9Jy0NrnJ12Oz+0A=="],

    "@esbuild/openbsd-x64": ["@esbuild/openbsd-x64@0.24.2", "", { "os": "openbsd", "cpu": "x64" }, "sha512-+iDS6zpNM6EnJyWv0bMGLWSWeXGN/HTaF/LXHXHwejGsVi+ooqDfMCCTerNFxEkM3wYVcExkeGXNqshc9iMaOA=="],

    "@esbuild/sunos-x64": ["@esbuild/sunos-x64@0.24.2", "", { "os": "sunos", "cpu": "x64" }, "sha512-hTdsW27jcktEvpwNHJU4ZwWFGkz2zRJUz8pvddmXPtXDzVKTTINmlmga3ZzwcuMpUvLw7JkLy9QLKyGpD2Yxig=="],

    "@esbuild/win32-arm64": ["@esbuild/win32-arm64@0.24.2", "", { "os": "win32", "cpu": "arm64" }, "sha512-LihEQ2BBKVFLOC9ZItT9iFprsE9tqjDjnbulhHoFxYQtQfai7qfluVODIYxt1PgdoyQkz23+01rzwNwYfutxUQ=="],

    "@esbuild/win32-ia32": ["@esbuild/win32-ia32@0.24.2", "", { "os": "win32", "cpu": "ia32" }, "sha512-q+iGUwfs8tncmFC9pcnD5IvRHAzmbwQ3GPS5/ceCyHdjXubwQWI12MKWSNSMYLJMq23/IUCvJMS76PDqXe1fxA=="],

    "@esbuild/win32-x64": ["@esbuild/win32-x64@0.24.2", "", { "os": "win32", "cpu": "x64" }, "sha512-7VTgWzgMGvup6aSqDPLiW5zHaxYJGTO4OokMjIlrCtf+VpEL+cXKtCvg723iguPYI5oaUNdS+/V7OU2gvXVWEg=="],

    "@eslint-community/eslint-utils": ["@eslint-community/eslint-utils@4.4.1", "", { "dependencies": { "eslint-visitor-keys": "^3.4.3" }, "peerDependencies": { "eslint": "^6.0.0 || ^7.0.0 || >=8.0.0" } }, ""],

    "@eslint-community/regexpp": ["@eslint-community/regexpp@4.12.1", "", {}, ""],

    "@eslint/config-array": ["@eslint/config-array@0.19.2", "", { "dependencies": { "@eslint/object-schema": "^2.1.6", "debug": "^4.3.1", "minimatch": "^3.1.2" } }, "sha512-GNKqxfHG2ySmJOBSHg7LxeUx4xpuCoFjacmlCoYWEbaPXLwvfIjixRI12xCQZeULksQb23uiA8F40w5TojpV7w=="],

    "@eslint/core": ["@eslint/core@0.11.0", "", { "dependencies": { "@types/json-schema": "^7.0.15" } }, "sha512-DWUB2pksgNEb6Bz2fggIy1wh6fGgZP4Xyy/Mt0QZPiloKKXerbqq9D3SBQTlCRYOrcRPu4vuz+CGjwdfqxnoWA=="],

    "@eslint/eslintrc": ["@eslint/eslintrc@3.2.0", "", { "dependencies": { "ajv": "^6.12.4", "debug": "^4.3.2", "espree": "^10.0.1", "globals": "^14.0.0", "ignore": "^5.2.0", "import-fresh": "^3.2.1", "js-yaml": "^4.1.0", "minimatch": "^3.1.2", "strip-json-comments": "^3.1.1" } }, "sha512-grOjVNN8P3hjJn/eIETF1wwd12DdnwFDoyceUJLYYdkpbwq3nLi+4fqrTAONx7XDALqlL220wC/RHSC/QTI/0w=="],

    "@eslint/js": ["@eslint/js@9.20.0", "", {}, "sha512-iZA07H9io9Wn836aVTytRaNqh00Sad+EamwOVJT12GTLw1VGMFV/4JaME+JjLtr9fiGaoWgYnS54wrfWsSs4oQ=="],

    "@eslint/object-schema": ["@eslint/object-schema@2.1.6", "", {}, "sha512-RBMg5FRL0I0gs51M/guSAj5/e14VQ4tpZnQNWwuDT66P14I43ItmPfIZRhO9fUVIPOAQXU47atlywZ/czoqFPA=="],

    "@eslint/plugin-kit": ["@eslint/plugin-kit@0.2.5", "", { "dependencies": { "@eslint/core": "^0.10.0", "levn": "^0.4.1" } }, "sha512-lB05FkqEdUg2AA0xEbUz0SnkXT1LcCTa438W4IWTUh4hdOnVbQyOJ81OrDXsJk/LSiJHubgGEFoR5EHq1NsH1A=="],

    "@humanfs/core": ["@humanfs/core@0.19.1", "", {}, "sha512-5DyQ4+1JEUzejeK1JGICcideyfUbGixgS9jNgex5nqkW+cY7WZhxBigmieN5Qnw9ZosSNVC9KQKyb+GUaGyKUA=="],

    "@humanfs/node": ["@humanfs/node@0.16.6", "", { "dependencies": { "@humanfs/core": "^0.19.1", "@humanwhocodes/retry": "^0.3.0" } }, "sha512-YuI2ZHQL78Q5HbhDiBA1X4LmYdXCKCMQIfw0pw7piHJwyREFebJUvrQN4cMssyES6x+vfUbx1CIpaQUKYdQZOw=="],

    "@humanwhocodes/module-importer": ["@humanwhocodes/module-importer@1.0.1", "", {}, ""],

    "@humanwhocodes/retry": ["@humanwhocodes/retry@0.4.1", "", {}, "sha512-c7hNEllBlenFTHBky65mhq8WD2kbN9Q6gk0bTk8lSBvc554jpXSkST1iePudpt7+A/AQvuHs9EMqjHDXMY1lrA=="],

    "@jridgewell/gen-mapping": ["@jridgewell/gen-mapping@0.3.8", "", { "dependencies": { "@jridgewell/set-array": "^1.2.1", "@jridgewell/sourcemap-codec": "^1.4.10", "@jridgewell/trace-mapping": "^0.3.24" } }, ""],

    "@jridgewell/resolve-uri": ["@jridgewell/resolve-uri@3.1.2", "", {}, ""],

    "@jridgewell/set-array": ["@jridgewell/set-array@1.2.1", "", {}, ""],

    "@jridgewell/source-map": ["@jridgewell/source-map@0.3.6", "", { "dependencies": { "@jridgewell/gen-mapping": "^0.3.5", "@jridgewell/trace-mapping": "^0.3.25" } }, ""],

    "@jridgewell/sourcemap-codec": ["@jridgewell/sourcemap-codec@1.5.0", "", {}, ""],

    "@jridgewell/trace-mapping": ["@jridgewell/trace-mapping@0.3.25", "", { "dependencies": { "@jridgewell/resolve-uri": "^3.1.0", "@jridgewell/sourcemap-codec": "^1.4.14" } }, ""],

    "@nodelib/fs.scandir": ["@nodelib/fs.scandir@2.1.5", "", { "dependencies": { "@nodelib/fs.stat": "2.0.5", "run-parallel": "^1.1.9" } }, ""],

    "@nodelib/fs.stat": ["@nodelib/fs.stat@2.0.5", "", {}, ""],

    "@nodelib/fs.walk": ["@nodelib/fs.walk@1.2.8", "", { "dependencies": { "@nodelib/fs.scandir": "2.1.5", "fastq": "^1.6.0" } }, ""],

    "@popperjs/core": ["@popperjs/core@2.11.8", "", {}, ""],

    "@react-aria/ssr": ["@react-aria/ssr@3.9.7", "", { "dependencies": { "@swc/helpers": "^0.5.0" }, "peerDependencies": { "react": "^16.8.0 || ^17.0.0-rc.1 || ^18.0.0 || ^19.0.0-rc.1" } }, "sha512-GQygZaGlmYjmYM+tiNBA5C6acmiDWF52Nqd40bBp0Znk4M4hP+LTmI0lpI1BuKMw45T8RIhrAsICIfKwZvi2Gg=="],

    "@restart/hooks": ["@restart/hooks@0.4.16", "", { "dependencies": { "dequal": "^2.0.3" }, "peerDependencies": { "react": ">=16.8.0" } }, ""],

    "@restart/ui": ["@restart/ui@1.9.4", "", { "dependencies": { "@babel/runtime": "^7.26.0", "@popperjs/core": "^2.11.8", "@react-aria/ssr": "^3.5.0", "@restart/hooks": "^0.5.0", "@types/warning": "^3.0.3", "dequal": "^2.0.3", "dom-helpers": "^5.2.0", "uncontrollable": "^8.0.4", "warning": "^4.0.3" }, "peerDependencies": { "react": ">=16.14.0", "react-dom": ">=16.14.0" } }, "sha512-N4C7haUc3vn4LTwVUPlkJN8Ach/+yIMvRuTVIhjilNHqegY60SGLrzud6errOMNJwSnmYFnt1J0H/k8FE3A4KA=="],

    "@rollup/rollup-android-arm-eabi": ["@rollup/rollup-android-arm-eabi@4.34.8", "", { "os": "android", "cpu": "arm" }, "sha512-q217OSE8DTp8AFHuNHXo0Y86e1wtlfVrXiAlwkIvGRQv9zbc6mE3sjIVfwI8sYUyNxwOg0j/Vm1RKM04JcWLJw=="],

    "@rollup/rollup-android-arm64": ["@rollup/rollup-android-arm64@4.34.8", "", { "os": "android", "cpu": "arm64" }, "sha512-Gigjz7mNWaOL9wCggvoK3jEIUUbGul656opstjaUSGC3eT0BM7PofdAJaBfPFWWkXNVAXbaQtC99OCg4sJv70Q=="],

    "@rollup/rollup-darwin-arm64": ["@rollup/rollup-darwin-arm64@4.34.8", "", { "os": "darwin", "cpu": "arm64" }, "sha512-02rVdZ5tgdUNRxIUrFdcMBZQoaPMrxtwSb+/hOfBdqkatYHR3lZ2A2EGyHq2sGOd0Owk80oV3snlDASC24He3Q=="],

    "@rollup/rollup-darwin-x64": ["@rollup/rollup-darwin-x64@4.34.8", "", { "os": "darwin", "cpu": "x64" }, "sha512-qIP/elwR/tq/dYRx3lgwK31jkZvMiD6qUtOycLhTzCvrjbZ3LjQnEM9rNhSGpbLXVJYQ3rq39A6Re0h9tU2ynw=="],

    "@rollup/rollup-freebsd-arm64": ["@rollup/rollup-freebsd-arm64@4.34.8", "", { "os": "freebsd", "cpu": "arm64" }, "sha512-IQNVXL9iY6NniYbTaOKdrlVP3XIqazBgJOVkddzJlqnCpRi/yAeSOa8PLcECFSQochzqApIOE1GHNu3pCz+BDA=="],

    "@rollup/rollup-freebsd-x64": ["@rollup/rollup-freebsd-x64@4.34.8", "", { "os": "freebsd", "cpu": "x64" }, "sha512-TYXcHghgnCqYFiE3FT5QwXtOZqDj5GmaFNTNt3jNC+vh22dc/ukG2cG+pi75QO4kACohZzidsq7yKTKwq/Jq7Q=="],

    "@rollup/rollup-linux-arm-gnueabihf": ["@rollup/rollup-linux-arm-gnueabihf@4.34.8", "", { "os": "linux", "cpu": "arm" }, "sha512-A4iphFGNkWRd+5m3VIGuqHnG3MVnqKe7Al57u9mwgbyZ2/xF9Jio72MaY7xxh+Y87VAHmGQr73qoKL9HPbXj1g=="],

    "@rollup/rollup-linux-arm-musleabihf": ["@rollup/rollup-linux-arm-musleabihf@4.34.8", "", { "os": "linux", "cpu": "arm" }, "sha512-S0lqKLfTm5u+QTxlFiAnb2J/2dgQqRy/XvziPtDd1rKZFXHTyYLoVL58M/XFwDI01AQCDIevGLbQrMAtdyanpA=="],

    "@rollup/rollup-linux-arm64-gnu": ["@rollup/rollup-linux-arm64-gnu@4.34.8", "", { "os": "linux", "cpu": "arm64" }, "sha512-jpz9YOuPiSkL4G4pqKrus0pn9aYwpImGkosRKwNi+sJSkz+WU3anZe6hi73StLOQdfXYXC7hUfsQlTnjMd3s1A=="],

    "@rollup/rollup-linux-arm64-musl": ["@rollup/rollup-linux-arm64-musl@4.34.8", "", { "os": "linux", "cpu": "arm64" }, "sha512-KdSfaROOUJXgTVxJNAZ3KwkRc5nggDk+06P6lgi1HLv1hskgvxHUKZ4xtwHkVYJ1Rep4GNo+uEfycCRRxht7+Q=="],

    "@rollup/rollup-linux-loongarch64-gnu": ["@rollup/rollup-linux-loongarch64-gnu@4.34.8", "", { "os": "linux", "cpu": "none" }, "sha512-NyF4gcxwkMFRjgXBM6g2lkT58OWztZvw5KkV2K0qqSnUEqCVcqdh2jN4gQrTn/YUpAcNKyFHfoOZEer9nwo6uQ=="],

    "@rollup/rollup-linux-powerpc64le-gnu": ["@rollup/rollup-linux-powerpc64le-gnu@4.34.8", "", { "os": "linux", "cpu": "ppc64" }, "sha512-LMJc999GkhGvktHU85zNTDImZVUCJ1z/MbAJTnviiWmmjyckP5aQsHtcujMjpNdMZPT2rQEDBlJfubhs3jsMfw=="],

    "@rollup/rollup-linux-riscv64-gnu": ["@rollup/rollup-linux-riscv64-gnu@4.34.8", "", { "os": "linux", "cpu": "none" }, "sha512-xAQCAHPj8nJq1PI3z8CIZzXuXCstquz7cIOL73HHdXiRcKk8Ywwqtx2wrIy23EcTn4aZ2fLJNBB8d0tQENPCmw=="],

    "@rollup/rollup-linux-s390x-gnu": ["@rollup/rollup-linux-s390x-gnu@4.34.8", "", { "os": "linux", "cpu": "s390x" }, "sha512-DdePVk1NDEuc3fOe3dPPTb+rjMtuFw89gw6gVWxQFAuEqqSdDKnrwzZHrUYdac7A7dXl9Q2Vflxpme15gUWQFA=="],

    "@rollup/rollup-linux-x64-gnu": ["@rollup/rollup-linux-x64-gnu@4.34.8", "", { "os": "linux", "cpu": "x64" }, "sha512-8y7ED8gjxITUltTUEJLQdgpbPh1sUQ0kMTmufRF/Ns5tI9TNMNlhWtmPKKHCU0SilX+3MJkZ0zERYYGIVBYHIA=="],

    "@rollup/rollup-linux-x64-musl": ["@rollup/rollup-linux-x64-musl@4.34.8", "", { "os": "linux", "cpu": "x64" }, "sha512-SCXcP0ZpGFIe7Ge+McxY5zKxiEI5ra+GT3QRxL0pMMtxPfpyLAKleZODi1zdRHkz5/BhueUrYtYVgubqe9JBNQ=="],

    "@rollup/rollup-win32-arm64-msvc": ["@rollup/rollup-win32-arm64-msvc@4.34.8", "", { "os": "win32", "cpu": "arm64" }, "sha512-YHYsgzZgFJzTRbth4h7Or0m5O74Yda+hLin0irAIobkLQFRQd1qWmnoVfwmKm9TXIZVAD0nZ+GEb2ICicLyCnQ=="],

    "@rollup/rollup-win32-ia32-msvc": ["@rollup/rollup-win32-ia32-msvc@4.34.8", "", { "os": "win32", "cpu": "ia32" }, "sha512-r3NRQrXkHr4uWy5TOjTpTYojR9XmF0j/RYgKCef+Ag46FWUTltm5ziticv8LdNsDMehjJ543x/+TJAek/xBA2w=="],

    "@rollup/rollup-win32-x64-msvc": ["@rollup/rollup-win32-x64-msvc@4.34.8", "", { "os": "win32", "cpu": "x64" }, "sha512-U0FaE5O1BCpZSeE6gBl3c5ObhePQSfk9vDRToMmTkbhCOgW4jqvtS5LGyQ76L1fH8sM0keRp4uDTsbjiUyjk0g=="],

    "@swc/core": ["@swc/core@1.10.16", "", { "dependencies": { "@swc/counter": "^0.1.3", "@swc/types": "^0.1.17" }, "optionalDependencies": { "@swc/core-darwin-arm64": "1.10.16", "@swc/core-darwin-x64": "1.10.16", "@swc/core-linux-arm-gnueabihf": "1.10.16", "@swc/core-linux-arm64-gnu": "1.10.16", "@swc/core-linux-arm64-musl": "1.10.16", "@swc/core-linux-x64-gnu": "1.10.16", "@swc/core-linux-x64-musl": "1.10.16", "@swc/core-win32-arm64-msvc": "1.10.16", "@swc/core-win32-ia32-msvc": "1.10.16", "@swc/core-win32-x64-msvc": "1.10.16" }, "peerDependencies": { "@swc/helpers": "*" } }, "sha512-nOINg/OUcZazCW7B55QV2/UB8QAqz9FYe4+z229+4RYboBTZ102K7ebOEjY5sKn59JgAkhjZTz+5BKmXpDFopw=="],

    "@swc/core-darwin-arm64": ["@swc/core-darwin-arm64@1.10.16", "", { "os": "darwin", "cpu": "arm64" }, "sha512-iikIxwqCQ4Bvz79vJ4ELh26efPf1u5D9TFdmXSJUBs7C3mmMHvk5zyWD9A9cTowXiW6WHs2gE58U1R9HOTTIcg=="],

    "@swc/core-darwin-x64": ["@swc/core-darwin-x64@1.10.16", "", { "os": "darwin", "cpu": "x64" }, "sha512-R2Eb9aktWd62vPfW9H/c/OaQ0e94iURibBo4uzUUcgxNNmB4+wb6piKbHxGdr/5bEsT+vJ1lwZFSRzfb45E7DA=="],

    "@swc/core-linux-arm-gnueabihf": ["@swc/core-linux-arm-gnueabihf@1.10.16", "", { "os": "linux", "cpu": "arm" }, "sha512-mkqN3HBAMnuiSGZ/k2utScuH8rAPshvNj0T1LjBWon+X9DkMNHSA+aMLdWsy0yZKF1zjOPc4L3Uq2l2wzhUlzA=="],

    "@swc/core-linux-arm64-gnu": ["@swc/core-linux-arm64-gnu@1.10.16", "", { "os": "linux", "cpu": "arm64" }, "sha512-PH/+q/L5nVZJ91CU07CL6Q9Whs6iR6nneMZMAgtVF9Ix8ST0cWVItdUhs6D38kFklCFhaOrpHhS01HlMJ72vWw=="],

    "@swc/core-linux-arm64-musl": ["@swc/core-linux-arm64-musl@1.10.16", "", { "os": "linux", "cpu": "arm64" }, "sha512-1169+C9XbydKKc6Ec1XZxTGKtHjZHDIFn0r+Nqp/QSVwkORrOY1Vz2Hdu7tn/lWMg36ZkGePS+LnnyV67s/7yg=="],

    "@swc/core-linux-x64-gnu": ["@swc/core-linux-x64-gnu@1.10.16", "", { "os": "linux", "cpu": "x64" }, "sha512-n2rV0XwkjoHn4MDJmpYp5RBrnyi94/6GsJVpbn6f+/eqSrZn3mh3dT7pdZc9zCN1Qp9eDHo+uI6e/wgvbL22uA=="],

    "@swc/core-linux-x64-musl": ["@swc/core-linux-x64-musl@1.10.16", "", { "os": "linux", "cpu": "x64" }, "sha512-EevCpwreBrkPrJjQVIbiM81lK42ukNNSlBmrSRxxbx2V9VGmOd5qxX0cJBn0TRRSLIPi62BuMS76F9iYjqsjgg=="],

    "@swc/core-win32-arm64-msvc": ["@swc/core-win32-arm64-msvc@1.10.16", "", { "os": "win32", "cpu": "arm64" }, "sha512-BvE7RWAnKJeELVQWLok6env5I4GUVBTZSvaSN/VPgxnTjF+4PsTeQptYx0xCYhp5QCv68wWYsBnZKuPDS+SBsw=="],

    "@swc/core-win32-ia32-msvc": ["@swc/core-win32-ia32-msvc@1.10.16", "", { "os": "win32", "cpu": "ia32" }, "sha512-7Jf/7AeCgbLR/JsQgMJuacHIq4Jeie3knf6+mXxn8aCvRypsOTIEu0eh7j24SolOboxK1ijqJ86GyN1VA2Rebg=="],

    "@swc/core-win32-x64-msvc": ["@swc/core-win32-x64-msvc@1.10.16", "", { "os": "win32", "cpu": "x64" }, "sha512-p0blVm0R8bjaTtmW+FoPmLxLSQdRNbqhuWcR/8g80OzMSkka9mk5/J3kn/5JRVWh+MaR9LHRHZc1Q1L8zan13g=="],

    "@swc/counter": ["@swc/counter@0.1.3", "", {}, "sha512-e2BR4lsJkkRlKZ/qCHPw9ZaSxc0MVUd7gtbtaB7aMvHeJVYe8sOB8DBZkP2DtISHGSku9sCK6T6cnY0CtXrOCQ=="],

    "@swc/helpers": ["@swc/helpers@0.5.15", "", { "dependencies": { "tslib": "^2.8.0" } }, "sha512-JQ5TuMi45Owi4/BIMAJBoSQoOJu12oOk/gADqlcUL9JEdHB8vyjUSsxqeNXnmXHjYKMi2WcYtezGEEhqUI/E2g=="],

    "@swc/types": ["@swc/types@0.1.17", "", { "dependencies": { "@swc/counter": "^0.1.3" } }, "sha512-V5gRru+aD8YVyCOMAjMpWR1Ui577DD5KSJsHP8RAxopAH22jFz6GZd/qxqjO6MJHQhcsjvjOFXyDhyLQUnMveQ=="],

    "@types/estree": ["@types/estree@1.0.6", "", {}, ""],

    "@types/json-schema": ["@types/json-schema@7.0.15", "", {}, ""],

    "@types/node": ["@types/node@22.13.4", "", { "dependencies": { "undici-types": "~6.20.0" } }, ""],

    "@types/prop-types": ["@types/prop-types@15.7.14", "", {}, ""],

    "@types/react": ["@types/react@19.0.9", "", { "dependencies": { "csstype": "^3.0.2" } }, "sha512-FedNTYgmMwSZmD1Sru/W1gJKuiYCN/3SuBkmZkcxX+FpO5zL76B22A9YNfAKg4HQO3Neh/30AiynP6BELdU0qQ=="],

    "@types/react-csv": ["@types/react-csv@1.1.10", "", { "dependencies": { "@types/react": "*" } }, "sha512-PESAyASL7Nfi/IyBR3ufd8qZkyoS+7jOylKmJxRZUZLFASLo4NZaRsJ8rNP8pCcbIziADyWBbLPD1nPddhsL4g=="],

    "@types/react-dom": ["@types/react-dom@19.0.3", "", { "peerDependencies": { "@types/react": "^19.0.0" } }, "sha512-0Knk+HJiMP/qOZgMyNFamlIjw9OFCsyC2ZbigmEEyXXixgre6IQpm/4V+r3qH4GC1JPvRJKInw+on2rV6YZLeA=="],

    "@types/react-transition-group": ["@types/react-transition-group@4.4.12", "", { "peerDependencies": { "@types/react": "*" } }, ""],

    "@types/warning": ["@types/warning@3.0.3", "", {}, "sha512-D1XC7WK8K+zZEveUPY+cf4+kgauk8N4eHr/XIHXGlGYkHLud6hK9lYfZk1ry1TNh798cZUCgb6MqGEG8DkJt6Q=="],

    "@typescript-eslint/eslint-plugin": ["@typescript-eslint/eslint-plugin@8.24.0", "", { "dependencies": { "@eslint-community/regexpp": "^4.10.0", "@typescript-eslint/scope-manager": "8.24.0", "@typescript-eslint/type-utils": "8.24.0", "@typescript-eslint/utils": "8.24.0", "@typescript-eslint/visitor-keys": "8.24.0", "graphemer": "^1.4.0", "ignore": "^5.3.1", "natural-compare": "^1.4.0", "ts-api-utils": "^2.0.1" }, "peerDependencies": { "@typescript-eslint/parser": "^8.0.0 || ^8.0.0-alpha.0", "eslint": "^8.57.0 || ^9.0.0", "typescript": ">=4.8.4 <5.8.0" } }, "sha512-aFcXEJJCI4gUdXgoo/j9udUYIHgF23MFkg09LFz2dzEmU0+1Plk4rQWv/IYKvPHAtlkkGoB3m5e6oUp+JPsNaQ=="],

    "@typescript-eslint/parser": ["@typescript-eslint/parser@8.24.0", "", { "dependencies": { "@typescript-eslint/scope-manager": "8.24.0", "@typescript-eslint/types": "8.24.0", "@typescript-eslint/typescript-estree": "8.24.0", "@typescript-eslint/visitor-keys": "8.24.0", "debug": "^4.3.4" }, "peerDependencies": { "eslint": "^8.57.0 || ^9.0.0", "typescript": ">=4.8.4 <5.8.0" } }, "sha512-MFDaO9CYiard9j9VepMNa9MTcqVvSny2N4hkY6roquzj8pdCBRENhErrteaQuu7Yjn1ppk0v1/ZF9CG3KIlrTA=="],

    "@typescript-eslint/scope-manager": ["@typescript-eslint/scope-manager@8.24.0", "", { "dependencies": { "@typescript-eslint/types": "8.24.0", "@typescript-eslint/visitor-keys": "8.24.0" } }, "sha512-HZIX0UByphEtdVBKaQBgTDdn9z16l4aTUz8e8zPQnyxwHBtf5vtl1L+OhH+m1FGV9DrRmoDuYKqzVrvWDcDozw=="],

    "@typescript-eslint/type-utils": ["@typescript-eslint/type-utils@8.24.0", "", { "dependencies": { "@typescript-eslint/typescript-estree": "8.24.0", "@typescript-eslint/utils": "8.24.0", "debug": "^4.3.4", "ts-api-utils": "^2.0.1" }, "peerDependencies": { "eslint": "^8.57.0 || ^9.0.0", "typescript": ">=4.8.4 <5.8.0" } }, "sha512-8fitJudrnY8aq0F1wMiPM1UUgiXQRJ5i8tFjq9kGfRajU+dbPyOuHbl0qRopLEidy0MwqgTHDt6CnSeXanNIwA=="],

    "@typescript-eslint/types": ["@typescript-eslint/types@8.24.0", "", {}, "sha512-VacJCBTyje7HGAw7xp11q439A+zeGG0p0/p2zsZwpnMzjPB5WteaWqt4g2iysgGFafrqvyLWqq6ZPZAOCoefCw=="],

    "@typescript-eslint/typescript-estree": ["@typescript-eslint/typescript-estree@8.24.0", "", { "dependencies": { "@typescript-eslint/types": "8.24.0", "@typescript-eslint/visitor-keys": "8.24.0", "debug": "^4.3.4", "fast-glob": "^3.3.2", "is-glob": "^4.0.3", "minimatch": "^9.0.4", "semver": "^7.6.0", "ts-api-utils": "^2.0.1" }, "peerDependencies": { "typescript": ">=4.8.4 <5.8.0" } }, "sha512-ITjYcP0+8kbsvT9bysygfIfb+hBj6koDsu37JZG7xrCiy3fPJyNmfVtaGsgTUSEuTzcvME5YI5uyL5LD1EV5ZQ=="],

    "@typescript-eslint/utils": ["@typescript-eslint/utils@8.24.0", "", { "dependencies": { "@eslint-community/eslint-utils": "^4.4.0", "@typescript-eslint/scope-manager": "8.24.0", "@typescript-eslint/types": "8.24.0", "@typescript-eslint/typescript-estree": "8.24.0" }, "peerDependencies": { "eslint": "^8.57.0 || ^9.0.0", "typescript": ">=4.8.4 <5.8.0" } }, "sha512-07rLuUBElvvEb1ICnafYWr4hk8/U7X9RDCOqd9JcAMtjh/9oRmcfN4yGzbPVirgMR0+HLVHehmu19CWeh7fsmQ=="],

    "@typescript-eslint/visitor-keys": ["@typescript-eslint/visitor-keys@8.24.0", "", { "dependencies": { "@typescript-eslint/types": "8.24.0", "eslint-visitor-keys": "^4.2.0" } }, "sha512-kArLq83QxGLbuHrTMoOEWO+l2MwsNS2TGISEdx8xgqpkbytB07XmlQyQdNDrCc1ecSqx0cnmhGvpX+VBwqqSkg=="],

    "@vitejs/plugin-react-swc": ["@vitejs/plugin-react-swc@3.8.0", "", { "dependencies": { "@swc/core": "^1.10.15" }, "peerDependencies": { "vite": "^4 || ^5 || ^6" } }, "sha512-T4sHPvS+DIqDP51ifPqa9XIRAz/kIvIi8oXcnOZZgHmMotgmmdxe/DD5tMFlt5nuIRzT0/QuiwmKlH0503Aapw=="],

    "acorn": ["acorn@8.14.0", "", { "bin": "bin/acorn" }, ""],

    "acorn-jsx": ["acorn-jsx@5.3.2", "", { "peerDependencies": { "acorn": "^6.0.0 || ^7.0.0 || ^8.0.0" } }, "sha512-rq9s+JNhf0IChjtDXxllJ7g41oZk5SlXtp0LHwyA5cejwn7vKmKp4pPri6YEePv2PU65sAsegbXtIinmDFDXgQ=="],

    "ajv": ["ajv@6.12.6", "", { "dependencies": { "fast-deep-equal": "^3.1.1", "fast-json-stable-stringify": "^2.0.0", "json-schema-traverse": "^0.4.1", "uri-js": "^4.2.2" } }, ""],

    "ansi-styles": ["ansi-styles@4.3.0", "", { "dependencies": { "color-convert": "^2.0.1" } }, ""],

    "argparse": ["argparse@2.0.1", "", {}, "sha512-8+9WqebbFzpX9OR+Wa6O29asIogeRMzcGtAINdpMHHyAg10f05aSFVBbcEqGf/PXw1EjAZ+q2/bEBg3DvurK3Q=="],

    "balanced-match": ["balanced-match@1.0.2", "", {}, ""],

    "bootstrap": ["bootstrap@5.3.3", "", { "peerDependencies": { "@popperjs/core": "^2.11.8" } }, ""],

    "brace-expansion": ["brace-expansion@1.1.11", "", { "dependencies": { "balanced-match": "^1.0.0", "concat-map": "0.0.1" } }, ""],

    "braces": ["braces@3.0.3", "", { "dependencies": { "fill-range": "^7.1.1" } }, ""],

    "buffer-from": ["buffer-from@1.1.2", "", {}, ""],

    "callsites": ["callsites@3.1.0", "", {}, ""],

    "chalk": ["chalk@4.1.2", "", { "dependencies": { "ansi-styles": "^4.1.0", "supports-color": "^7.1.0" } }, ""],

    "classnames": ["classnames@2.5.1", "", {}, ""],

    "color-convert": ["color-convert@2.0.1", "", { "dependencies": { "color-name": "~1.1.4" } }, ""],

    "color-name": ["color-name@1.1.4", "", {}, ""],

    "commander": ["commander@2.20.3", "", {}, ""],

    "concat-map": ["concat-map@0.0.1", "", {}, ""],

    "cross-spawn": ["cross-spawn@7.0.6", "", { "dependencies": { "path-key": "^3.1.0", "shebang-command": "^2.0.0", "which": "^2.0.1" } }, ""],

    "csstype": ["csstype@3.1.3", "", {}, ""],

    "debug": ["debug@4.4.0", "", { "dependencies": { "ms": "^2.1.3" } }, ""],

    "deep-is": ["deep-is@0.1.4", "", {}, ""],

    "dequal": ["dequal@2.0.3", "", {}, ""],

    "dom-helpers": ["dom-helpers@5.2.1", "", { "dependencies": { "@babel/runtime": "^7.8.7", "csstype": "^3.0.2" } }, ""],

    "esbuild": ["esbuild@0.24.2", "", { "optionalDependencies": { "@esbuild/aix-ppc64": "0.24.2", "@esbuild/android-arm": "0.24.2", "@esbuild/android-arm64": "0.24.2", "@esbuild/android-x64": "0.24.2", "@esbuild/darwin-arm64": "0.24.2", "@esbuild/darwin-x64": "0.24.2", "@esbuild/freebsd-arm64": "0.24.2", "@esbuild/freebsd-x64": "0.24.2", "@esbuild/linux-arm": "0.24.2", "@esbuild/linux-arm64": "0.24.2", "@esbuild/linux-ia32": "0.24.2", "@esbuild/linux-loong64": "0.24.2", "@esbuild/linux-mips64el": "0.24.2", "@esbuild/linux-ppc64": "0.24.2", "@esbuild/linux-riscv64": "0.24.2", "@esbuild/linux-s390x": "0.24.2", "@esbuild/linux-x64": "0.24.2", "@esbuild/netbsd-arm64": "0.24.2", "@esbuild/netbsd-x64": "0.24.2", "@esbuild/openbsd-arm64": "0.24.2", "@esbuild/openbsd-x64": "0.24.2", "@esbuild/sunos-x64": "0.24.2", "@esbuild/win32-arm64": "0.24.2", "@esbuild/win32-ia32": "0.24.2", "@esbuild/win32-x64": "0.24.2" }, "bin": "bin/esbuild" }, "sha512-+9egpBW8I3CD5XPe0n6BfT5fxLzxrlDzqydF3aviG+9ni1lDC/OvMHcxqEFV0+LANZG5R1bFMWfUrjVsdwxJvA=="],

    "escape-string-regexp": ["escape-string-regexp@4.0.0", "", {}, ""],

    "eslint": ["eslint@9.20.1", "", { "dependencies": { "@eslint-community/eslint-utils": "^4.2.0", "@eslint-community/regexpp": "^4.12.1", "@eslint/config-array": "^0.19.0", "@eslint/core": "^0.11.0", "@eslint/eslintrc": "^3.2.0", "@eslint/js": "9.20.0", "@eslint/plugin-kit": "^0.2.5", "@humanfs/node": "^0.16.6", "@humanwhocodes/module-importer": "^1.0.1", "@humanwhocodes/retry": "^0.4.1", "@types/estree": "^1.0.6", "@types/json-schema": "^7.0.15", "ajv": "^6.12.4", "chalk": "^4.0.0", "cross-spawn": "^7.0.6", "debug": "^4.3.2", "escape-string-regexp": "^4.0.0", "eslint-scope": "^8.2.0", "eslint-visitor-keys": "^4.2.0", "espree": "^10.3.0", "esquery": "^1.5.0", "esutils": "^2.0.2", "fast-deep-equal": "^3.1.3", "file-entry-cache": "^8.0.0", "find-up": "^5.0.0", "glob-parent": "^6.0.2", "ignore": "^5.2.0", "imurmurhash": "^0.1.4", "is-glob": "^4.0.0", "json-stable-stringify-without-jsonify": "^1.0.1", "lodash.merge": "^4.6.2", "minimatch": "^3.1.2", "natural-compare": "^1.4.0", "optionator": "^0.9.3" }, "peerDependencies": { "jiti": "*" }, "bin": "bin/eslint.js" }, "sha512-m1mM33o6dBUjxl2qb6wv6nGNwCAsns1eKtaQ4l/NPHeTvhiUPbtdfMyktxN4B3fgHIgsYh1VT3V9txblpQHq+g=="],

    "eslint-plugin-react-hooks": ["eslint-plugin-react-hooks@5.1.0", "", { "peerDependencies": { "eslint": "^3.0.0 || ^4.0.0 || ^5.0.0 || ^6.0.0 || ^7.0.0 || ^8.0.0-0 || ^9.0.0" } }, "sha512-mpJRtPgHN2tNAvZ35AMfqeB3Xqeo273QxrHJsbBEPWODRM4r0yB6jfoROqKEYrOn27UtRPpcpHc2UqyBSuUNTw=="],

    "eslint-plugin-react-refresh": ["eslint-plugin-react-refresh@0.4.19", "", { "peerDependencies": { "eslint": ">=8.40" } }, "sha512-eyy8pcr/YxSYjBoqIFSrlbn9i/xvxUFa8CjzAYo9cFjgGXqq1hyjihcpZvxRLalpaWmueWR81xn7vuKmAFijDQ=="],

    "eslint-scope": ["eslint-scope@8.2.0", "", { "dependencies": { "esrecurse": "^4.3.0", "estraverse": "^5.2.0" } }, "sha512-PHlWUfG6lvPc3yvP5A4PNyBL1W8fkDUccmI21JUu/+GKZBoH/W5u6usENXUrWFRsyoW5ACUjFGgAFQp5gUlb/A=="],

    "eslint-visitor-keys": ["eslint-visitor-keys@4.2.0", "", {}, "sha512-UyLnSehNt62FFhSwjZlHmeokpRK59rcz29j+F1/aDgbkbRTk7wIc9XzdoasMUbRNKDM0qQt/+BJ4BrpFeABemw=="],

    "espree": ["espree@10.3.0", "", { "dependencies": { "acorn": "^8.14.0", "acorn-jsx": "^5.3.2", "eslint-visitor-keys": "^4.2.0" } }, "sha512-0QYC8b24HWY8zjRnDTL6RiHfDbAWn63qb4LMj1Z4b076A4une81+z03Kg7l7mn/48PUTqoLptSXez8oknU8Clg=="],

    "esquery": ["esquery@1.6.0", "", { "dependencies": { "estraverse": "^5.1.0" } }, ""],

    "esrecurse": ["esrecurse@4.3.0", "", { "dependencies": { "estraverse": "^5.2.0" } }, ""],

    "estraverse": ["estraverse@5.3.0", "", {}, ""],

    "esutils": ["esutils@2.0.3", "", {}, ""],

    "fast-deep-equal": ["fast-deep-equal@3.1.3", "", {}, ""],

    "fast-glob": ["fast-glob@3.3.3", "", { "dependencies": { "@nodelib/fs.stat": "^2.0.2", "@nodelib/fs.walk": "^1.2.3", "glob-parent": "^5.1.2", "merge2": "^1.3.0", "micromatch": "^4.0.8" } }, ""],

    "fast-json-stable-stringify": ["fast-json-stable-stringify@2.1.0", "", {}, ""],

    "fast-levenshtein": ["fast-levenshtein@2.0.6", "", {}, ""],

    "fastq": ["fastq@1.19.0", "", { "dependencies": { "reusify": "^1.0.4" } }, ""],

    "file-entry-cache": ["file-entry-cache@8.0.0", "", { "dependencies": { "flat-cache": "^4.0.0" } }, "sha512-XXTUwCvisa5oacNGRP9SfNtYBNAMi+RPwBFmblZEF7N7swHYQS6/Zfk7SRwx4D5j3CH211YNRco1DEMNVfZCnQ=="],

    "fill-range": ["fill-range@7.1.1", "", { "dependencies": { "to-regex-range": "^5.0.1" } }, ""],

    "find-up": ["find-up@5.0.0", "", { "dependencies": { "locate-path": "^6.0.0", "path-exists": "^4.0.0" } }, ""],

    "flat-cache": ["flat-cache@4.0.1", "", { "dependencies": { "flatted": "^3.2.9", "keyv": "^4.5.4" } }, "sha512-f7ccFPK3SXFHpx15UIGyRJ/FJQctuKZ0zVuN3frBo4HnK3cay9VEW0R6yPYFHC0AgqhukPzKjq22t5DmAyqGyw=="],

    "flatted": ["flatted@3.3.2", "", {}, "sha512-AiwGJM8YcNOaobumgtng+6NHuOqC3A7MixFeDafM3X9cIUM+xUXoS5Vfgf+OihAYe20fxqNM9yPBXJzRtZ/4eA=="],

    "fsevents": ["fsevents@2.3.3", "", { "os": "darwin" }, "sha512-5xoDfX+fL7faATnagmWPpbFtwh/R77WmMMqqHGS65C3vvB0YHrgF+B1YmZ3441tMj5n63k0212XNoJwzlhffQw=="],

    "glob-parent": ["glob-parent@6.0.2", "", { "dependencies": { "is-glob": "^4.0.3" } }, ""],

    "globals": ["globals@15.15.0", "", {}, "sha512-7ACyT3wmyp3I61S4fG682L0VA2RGD9otkqGJIwNUMF1SWUombIIk+af1unuDYgMm082aHYwD+mzJvv9Iu8dsgg=="],

    "globrex": ["globrex@0.1.2", "", {}, "sha512-uHJgbwAMwNFf5mLst7IWLNg14x1CkeqglJb/K3doi4dw6q2IvAAmM/Y81kevy83wP+Sst+nutFTYOGg3d1lsxg=="],

    "graphemer": ["graphemer@1.4.0", "", {}, ""],

    "has-flag": ["has-flag@4.0.0", "", {}, ""],

    "ignore": ["ignore@5.3.2", "", {}, ""],

    "import-fresh": ["import-fresh@3.3.1", "", { "dependencies": { "parent-module": "^1.0.0", "resolve-from": "^4.0.0" } }, ""],

    "imurmurhash": ["imurmurhash@0.1.4", "", {}, ""],

    "invariant": ["invariant@2.2.4", "", { "dependencies": { "loose-envify": "^1.0.0" } }, ""],

    "is-extglob": ["is-extglob@2.1.1", "", {}, ""],

    "is-glob": ["is-glob@4.0.3", "", { "dependencies": { "is-extglob": "^2.1.1" } }, ""],

    "is-number": ["is-number@7.0.0", "", {}, ""],

    "isexe": ["isexe@2.0.0", "", {}, ""],

    "jiti": ["jiti@1.21.7", "", { "bin": "bin/jiti.js" }, ""],

    "js-tokens": ["js-tokens@4.0.0", "", {}, ""],

    "js-yaml": ["js-yaml@4.1.0", "", { "dependencies": { "argparse": "^2.0.1" }, "bin": "bin/js-yaml.js" }, "sha512-wpxZs9NoxZaJESJGIZTyDEaYpl0FKSA+FB9aJiyemKhMwkxQg63h4T1KJgUGHpTqPDNRcmmYLugrRjJlBtWvRA=="],

    "json-buffer": ["json-buffer@3.0.1", "", {}, "sha512-4bV5BfR2mqfQTJm+V5tPPdf+ZpuhiIvTuAB5g8kcrXOZpTT/QwwVRWBywX1ozr6lEuPdbHxwaJlm9G6mI2sfSQ=="],

    "json-schema-traverse": ["json-schema-traverse@0.4.1", "", {}, ""],

    "json-stable-stringify-without-jsonify": ["json-stable-stringify-without-jsonify@1.0.1", "", {}, ""],

    "keyv": ["keyv@4.5.4", "", { "dependencies": { "json-buffer": "3.0.1" } }, "sha512-oxVHkHR/EJf2CNXnWxRLW6mg7JyCCUcG0DtEGmL2ctUo1PNTin1PUil+r/+4r5MpVgC/fn1kjsx7mjSujKqIpw=="],

    "levn": ["levn@0.4.1", "", { "dependencies": { "prelude-ls": "^1.2.1", "type-check": "~0.4.0" } }, ""],

    "locate-path": ["locate-path@6.0.0", "", { "dependencies": { "p-locate": "^5.0.0" } }, ""],

    "lodash.merge": ["lodash.merge@4.6.2", "", {}, ""],

    "loose-envify": ["loose-envify@1.4.0", "", { "dependencies": { "js-tokens": "^3.0.0 || ^4.0.0" }, "bin": "cli.js" }, ""],

    "merge2": ["merge2@1.4.1", "", {}, ""],

    "micromatch": ["micromatch@4.0.8", "", { "dependencies": { "braces": "^3.0.3", "picomatch": "^2.3.1" } }, ""],

    "minimatch": ["minimatch@3.1.2", "", { "dependencies": { "brace-expansion": "^1.1.7" } }, ""],

    "ms": ["ms@2.1.3", "", {}, ""],

    "nanoid": ["nanoid@3.3.8", "", { "bin": "bin/nanoid.cjs" }, ""],

    "natural-compare": ["natural-compare@1.4.0", "", {}, ""],

    "object-assign": ["object-assign@4.1.1", "", {}, ""],

    "optionator": ["optionator@0.9.4", "", { "dependencies": { "deep-is": "^0.1.3", "fast-levenshtein": "^2.0.6", "levn": "^0.4.1", "prelude-ls": "^1.2.1", "type-check": "^0.4.0", "word-wrap": "^1.2.5" } }, ""],

    "p-limit": ["p-limit@3.1.0", "", { "dependencies": { "yocto-queue": "^0.1.0" } }, ""],

    "p-locate": ["p-locate@5.0.0", "", { "dependencies": { "p-limit": "^3.0.2" } }, ""],

    "parent-module": ["parent-module@1.0.1", "", { "dependencies": { "callsites": "^3.0.0" } }, ""],

    "path-exists": ["path-exists@4.0.0", "", {}, ""],

    "path-key": ["path-key@3.1.1", "", {}, ""],

    "picocolors": ["picocolors@1.1.1", "", {}, ""],

    "picomatch": ["picomatch@2.3.1", "", {}, ""],

    "postcss": ["postcss@8.5.2", "", { "dependencies": { "nanoid": "^3.3.8", "picocolors": "^1.1.1", "source-map-js": "^1.2.1" } }, ""],

    "prelude-ls": ["prelude-ls@1.2.1", "", {}, ""],

    "prettier": ["prettier@3.5.1", "", { "bin": "bin/prettier.cjs" }, "sha512-hPpFQvHwL3Qv5AdRvBFMhnKo4tYxp0ReXiPn2bxkiohEX6mBeBwEpBSQTkD458RaaDKQMYSp4hX4UtfUTA5wDw=="],

    "prop-types": ["prop-types@15.8.1", "", { "dependencies": { "loose-envify": "^1.4.0", "object-assign": "^4.1.1", "react-is": "^16.13.1" } }, ""],

    "prop-types-extra": ["prop-types-extra@1.1.1", "", { "dependencies": { "react-is": "^16.3.2", "warning": "^4.0.0" }, "peerDependencies": { "react": ">=0.14.0" } }, ""],

    "punycode": ["punycode@2.3.1", "", {}, ""],

    "queue-microtask": ["queue-microtask@1.2.3", "", {}, ""],

    "react": ["react@19.0.0", "", {}, "sha512-V8AVnmPIICiWpGfm6GLzCR/W5FXLchHop40W4nXBmdlEceh16rCN8O8LNWm5bh5XUX91fh7KpA+W0TgMKmgTpQ=="],

    "react-bootstrap": ["react-bootstrap@2.10.9", "", { "dependencies": { "@babel/runtime": "^7.24.7", "@restart/hooks": "^0.4.9", "@restart/ui": "^1.9.4", "@types/prop-types": "^15.7.12", "@types/react-transition-group": "^4.4.6", "classnames": "^2.3.2", "dom-helpers": "^5.2.1", "invariant": "^2.2.4", "prop-types": "^15.8.1", "prop-types-extra": "^1.1.0", "react-transition-group": "^4.4.5", "uncontrollable": "^7.2.1", "warning": "^4.0.3" }, "peerDependencies": { "@types/react": ">=16.14.8", "react": ">=16.14.0", "react-dom": ">=16.14.0" } }, ""],

    "react-csv": ["react-csv@2.2.2", "", {}, ""],

    "react-dom": ["react-dom@19.0.0", "", { "dependencies": { "scheduler": "^0.25.0" }, "peerDependencies": { "react": "^19.0.0" } }, "sha512-4GV5sHFG0e/0AD4X+ySy6UJd3jVl1iNsNHdpad0qhABJ11twS3TTBnseqsKurKcsNqCEFeGL3uLpVChpIO3QfQ=="],

    "react-is": ["react-is@16.13.1", "", {}, ""],

    "react-lifecycles-compat": ["react-lifecycles-compat@3.0.4", "", {}, ""],

    "react-transition-group": ["react-transition-group@4.4.5", "", { "dependencies": { "@babel/runtime": "^7.5.5", "dom-helpers": "^5.0.1", "loose-envify": "^1.4.0", "prop-types": "^15.6.2" }, "peerDependencies": { "react": ">=16.6.0", "react-dom": ">=16.6.0" } }, "sha512-pZcd1MCJoiKiBR2NRxeCRg13uCXbydPnmB4EOeRrY7480qNWO8IIgQG6zlDkm6uRMsURXPuKq0GWtiM59a5Q6g=="],

    "regenerator-runtime": ["regenerator-runtime@0.14.1", "", {}, ""],

    "resolve-from": ["resolve-from@4.0.0", "", {}, ""],

    "reusify": ["reusify@1.0.4", "", {}, ""],

    "rollup": ["rollup@4.34.8", "", { "dependencies": { "@types/estree": "1.0.6" }, "optionalDependencies": { "@rollup/rollup-android-arm-eabi": "4.34.8", "@rollup/rollup-android-arm64": "4.34.8", "@rollup/rollup-darwin-arm64": "4.34.8", "@rollup/rollup-darwin-x64": "4.34.8", "@rollup/rollup-freebsd-arm64": "4.34.8", "@rollup/rollup-freebsd-x64": "4.34.8", "@rollup/rollup-linux-arm-gnueabihf": "4.34.8", "@rollup/rollup-linux-arm-musleabihf": "4.34.8", "@rollup/rollup-linux-arm64-gnu": "4.34.8", "@rollup/rollup-linux-arm64-musl": "4.34.8", "@rollup/rollup-linux-loongarch64-gnu": "4.34.8", "@rollup/rollup-linux-powerpc64le-gnu": "4.34.8", "@rollup/rollup-linux-riscv64-gnu": "4.34.8", "@rollup/rollup-linux-s390x-gnu": "4.34.8", "@rollup/rollup-linux-x64-gnu": "4.34.8", "@rollup/rollup-linux-x64-musl": "4.34.8", "@rollup/rollup-win32-arm64-msvc": "4.34.8", "@rollup/rollup-win32-ia32-msvc": "4.34.8", "@rollup/rollup-win32-x64-msvc": "4.34.8", "fsevents": "~2.3.2" }, "bin": "dist/bin/rollup" }, "sha512-489gTVMzAYdiZHFVA/ig/iYFllCcWFHMvUHI1rpFmkoUtRlQxqh6/yiNqnYibjMZ2b/+FUQwldG+aLsEt6bglQ=="],

    "run-parallel": ["run-parallel@1.2.0", "", { "dependencies": { "queue-microtask": "^1.2.2" } }, ""],

    "scheduler": ["scheduler@0.25.0", "", {}, "sha512-xFVuu11jh+xcO7JOAGJNOXld8/TcEHK/4CituBUeUb5hqxJLj9YuemAEuvm9gQ/+pgXYfbQuqAkiYu+u7YEsNA=="],

    "semver": ["semver@7.7.1", "", { "bin": "bin/semver.js" }, ""],

    "shebang-command": ["shebang-command@2.0.0", "", { "dependencies": { "shebang-regex": "^3.0.0" } }, ""],

    "shebang-regex": ["shebang-regex@3.0.0", "", {}, ""],

    "source-map": ["source-map@0.6.1", "", {}, ""],

    "source-map-js": ["source-map-js@1.2.1", "", {}, ""],

    "source-map-support": ["source-map-support@0.5.21", "", { "dependencies": { "buffer-from": "^1.0.0", "source-map": "^0.6.0" } }, ""],

    "strip-json-comments": ["strip-json-comments@3.1.1", "", {}, ""],

    "supports-color": ["supports-color@7.2.0", "", { "dependencies": { "has-flag": "^4.0.0" } }, ""],

    "terser": ["terser@5.39.0", "", { "dependencies": { "@jridgewell/source-map": "^0.3.3", "acorn": "^8.8.2", "commander": "^2.20.0", "source-map-support": "~0.5.20" }, "bin": "bin/terser" }, ""],

    "to-regex-range": ["to-regex-range@5.0.1", "", { "dependencies": { "is-number": "^7.0.0" } }, ""],

    "ts-api-utils": ["ts-api-utils@2.0.1", "", { "peerDependencies": { "typescript": ">=4.8.4" } }, "sha512-dnlgjFSVetynI8nzgJ+qF62efpglpWRk8isUEWZGWlJYySCTD6aKvbUDu+zbPeDakk3bg5H4XpitHukgfL1m9w=="],

    "tsconfck": ["tsconfck@3.1.5", "", { "peerDependencies": { "typescript": "^5.0.0" }, "bin": "bin/tsconfck.js" }, "sha512-CLDfGgUp7XPswWnezWwsCRxNmgQjhYq3VXHM0/XIRxhVrKw0M1if9agzryh1QS3nxjCROvV+xWxoJO1YctzzWg=="],

    "tslib": ["tslib@2.8.1", "", {}, ""],

    "type-check": ["type-check@0.4.0", "", { "dependencies": { "prelude-ls": "^1.2.1" } }, ""],

    "typescript": ["typescript@5.7.3", "", { "bin": { "tsc": "bin/tsc", "tsserver": "bin/tsserver" } }, ""],

    "typescript-eslint": ["typescript-eslint@8.24.0", "", { "dependencies": { "@typescript-eslint/eslint-plugin": "8.24.0", "@typescript-eslint/parser": "8.24.0", "@typescript-eslint/utils": "8.24.0" }, "peerDependencies": { "eslint": "^8.57.0 || ^9.0.0", "typescript": ">=4.8.4 <5.8.0" } }, "sha512-/lmv4366en/qbB32Vz5+kCNZEMf6xYHwh1z48suBwZvAtnXKbP+YhGe8OLE2BqC67LMqKkCNLtjejdwsdW6uOQ=="],

    "uncontrollable": ["uncontrollable@7.2.1", "", { "dependencies": { "@babel/runtime": "^7.6.3", "@types/react": ">=16.9.11", "invariant": "^2.2.4", "react-lifecycles-compat": "^3.0.4" }, "peerDependencies": { "react": ">=15.0.0" } }, ""],

    "undici-types": ["undici-types@6.20.0", "", {}, ""],

    "uri-js": ["uri-js@4.4.1", "", { "dependencies": { "punycode": "^2.1.0" } }, ""],

    "vite": ["vite@6.1.0", "", { "dependencies": { "esbuild": "^0.24.2", "postcss": "^8.5.1", "rollup": "^4.30.1" }, "optionalDependencies": { "fsevents": "~2.3.3" }, "peerDependencies": { "@types/node": "^18.0.0 || ^20.0.0 || >=22.0.0", "jiti": ">=1.21.0", "less": "*", "lightningcss": "^1.21.0", "sass": "*", "sass-embedded": "*", "stylus": "*", "sugarss": "*", "terser": "^5.16.0", "tsx": "^4.8.1", "yaml": "^2.4.2" }, "optionalPeers": ["less", "lightningcss", "sass", "sass-embedded", "stylus", "sugarss", "tsx"], "bin": "bin/vite.js" }, "sha512-RjjMipCKVoR4hVfPY6GQTgveinjNuyLw+qruksLDvA5ktI1150VmcMBKmQaEWJhg/j6Uaf6dNCNA0AfdzUb/hQ=="],

    "vite-tsconfig-paths": ["vite-tsconfig-paths@5.1.4", "", { "dependencies": { "debug": "^4.1.1", "globrex": "^0.1.2", "tsconfck": "^3.0.3" }, "peerDependencies": { "vite": "*" } }, "sha512-cYj0LRuLV2c2sMqhqhGpaO3LretdtMn/BVX4cPLanIZuwwrkVl+lK84E/miEXkCHWXuq65rhNN4rXsBcOB3S4w=="],

    "warning": ["warning@4.0.3", "", { "dependencies": { "loose-envify": "^1.0.0" } }, ""],

    "which": ["which@2.0.2", "", { "dependencies": { "isexe": "^2.0.0" }, "bin": { "node-which": "bin/node-which" } }, ""],

    "word-wrap": ["word-wrap@1.2.5", "", {}, ""],

    "yaml": ["yaml@2.7.0", "", { "bin": "bin.mjs" }, "sha512-+hSoy/QHluxmC9kCIJyL/uyFmLmc+e5CFR5Wa+bpIhIj85LVb9ZH2nVnqrHoSvKogwODv0ClqZkmiSSaIH5LTA=="],

    "yocto-queue": ["yocto-queue@0.1.0", "", {}, ""],

    "@eslint-community/eslint-utils/eslint-visitor-keys": ["eslint-visitor-keys@3.4.3", "", {}, ""],

    "@eslint/eslintrc/globals": ["globals@14.0.0", "", {}, "sha512-oahGvuMGQlPw/ivIYBjVSrWAfWLBeku5tpPE2fOPLi+WHffIWbuh2tCjhyQhTBPMf5E9jDEH4FOmTYgYwbKwtQ=="],

    "@eslint/plugin-kit/@eslint/core": ["@eslint/core@0.10.0", "", { "dependencies": { "@types/json-schema": "^7.0.15" } }, "sha512-gFHJ+xBOo4G3WRlR1e/3G8A6/KZAH6zcE/hkLRCZTi/B9avAG365QhFA8uOGzTMqgTghpn7/fSnscW++dpMSAw=="],

    "@humanfs/node/@humanwhocodes/retry": ["@humanwhocodes/retry@0.3.1", "", {}, "sha512-JBxkERygn7Bv/GbN5Rv8Ul6LVknS+5Bp6RgDC/O8gEBU/yeH5Ui5C/OlWrTb6qct7LjjfT6Re2NxB0ln0yYybA=="],

    "@restart/ui/@restart/hooks": ["@restart/hooks@0.5.1", "", { "dependencies": { "dequal": "^2.0.3" }, "peerDependencies": { "react": ">=16.8.0" } }, "sha512-EMoH04NHS1pbn07iLTjIjgttuqb7qu4+/EyhAx27MHpoENcB2ZdSsLTNxmKD+WEPnZigo62Qc8zjGnNxoSE/5Q=="],

    "@restart/ui/uncontrollable": ["uncontrollable@8.0.4", "", { "peerDependencies": { "react": ">=16.14.0" } }, "sha512-ulRWYWHvscPFc0QQXvyJjY6LIXU56f0h8pQFvhxiKk5V1fcI8gp9Ht9leVAhrVjzqMw0BgjspBINx9r6oyJUvQ=="],

    "@typescript-eslint/typescript-estree/minimatch": ["minimatch@9.0.5", "", { "dependencies": { "brace-expansion": "^2.0.1" } }, "sha512-G6T0ZX48xgozx7587koeX9Ys2NYy6Gmv//P89sEte9V9whIapMNF4idKxnW2QtCcLiTWlb/wfCabAtAFWhhBow=="],

    "@typescript-eslint/visitor-keys/eslint-visitor-keys": ["eslint-visitor-keys@4.2.0", "", {}, "sha512-UyLnSehNt62FFhSwjZlHmeokpRK59rcz29j+F1/aDgbkbRTk7wIc9XzdoasMUbRNKDM0qQt/+BJ4BrpFeABemw=="],

    "espree/eslint-visitor-keys": ["eslint-visitor-keys@4.2.0", "", {}, "sha512-UyLnSehNt62FFhSwjZlHmeokpRK59rcz29j+F1/aDgbkbRTk7wIc9XzdoasMUbRNKDM0qQt/+BJ4BrpFeABemw=="],

    "fast-glob/glob-parent": ["glob-parent@5.1.2", "", { "dependencies": { "is-glob": "^4.0.1" } }, ""],

    "prop-types-extra/react-is": ["react-is@16.13.1", "", {}, ""],

    "@typescript-eslint/typescript-estree/minimatch/brace-expansion": ["brace-expansion@2.0.1", "", { "dependencies": { "balanced-match": "^1.0.0" } }, "sha512-XnAIvQ8eM+kC6aULx6wuQiwVsnzsi9d3WxzV3FpWTGA19F621kwdbsAcFKXgKUHZWsy+mY6iL1sHTxWEFCytDA=="],
  }
}
